
Microsoft Visual Studio Solution File, Format Version 12.00
# Visual Studio Version 17
VisualStudioVersion = 17.11.35208.52
MinimumVisualStudioVersion = 10.0.40219.1
Project("{FAE04EC0-301F-11D3-BF4B-00C04F79EFBC}") = "API", "API\API.csproj", "{EF879930-0AB2-47F1-AF29-0242F877EAD9}"
EndProject
Global
	GlobalSection(SolutionConfigurationPlatforms) = preSolution
		Debug|Any CPU = Debug|Any CPU
		Release|Any CPU = Release|Any CPU
	EndGlobalSection
	GlobalSection(ProjectConfigurationPlatforms) = postSolution
		{EF879930-0AB2-47F1-AF29-0242F877EAD9}.Debug|Any CPU.ActiveCfg = Debug|Any CPU
		{EF879930-0AB2-47F1-AF29-0242F877EAD9}.Debug|Any CPU.Build.0 = Debug|Any CPU
		{EF879930-0AB2-47F1-AF29-0242F877EAD9}.Release|Any CPU.ActiveCfg = Release|Any CPU
		{EF879930-0AB2-47F1-AF29-0242F877EAD9}.Release|Any CPU.Build.0 = Release|Any CPU
	EndGlobalSection
	GlobalSection(SolutionProperties) = preSolution
		HideSolutionNode = FALSE
	EndGlobalSection
	GlobalSection(ExtensibilityGlobals) = postSolution
		SolutionGuid = {2DAF0A05-BDD6-42B2-A71D-E3694D663EE0}
	EndGlobalSection
EndGlobal
